// !$*UTF8*$!
{
	archiveVersion = 1;
	classes = {
	};
	objectVersion = 46;
	objects = {

/* Begin PBXBuildFile section */
		F701CB9D1C51C6FC00AC51D7 /* RouteSearchManager.m in Sources */ = {isa = PBXBuildFile; fileRef = F701CB9C1C51C6FC00AC51D7 /* RouteSearchManager.m */; };
		F701CBA11C52700B00AC51D7 /* SelectViaViewController.m in Sources */ = {isa = PBXBuildFile; fileRef = F701CBA01C52700B00AC51D7 /* SelectViaViewController.m */; };
		F701CBA41C528FBA00AC51D7 /* icon.png in Resources */ = {isa = PBXBuildFile; fileRef = F701CBA31C528FBA00AC51D7 /* icon.png */; };
		F7048C561BF3032500B2EA72 /* bus_id.plist in Resources */ = {isa = PBXBuildFile; fileRef = F7048C551BF3032500B2EA72 /* bus_id.plist */; };
		F7048C571BF3032500B2EA72 /* bus_id.plist in Resources */ = {isa = PBXBuildFile; fileRef = F7048C551BF3032500B2EA72 /* bus_id.plist */; };
		F7048C581BF3032500B2EA72 /* bus_id.plist in Resources */ = {isa = PBXBuildFile; fileRef = F7048C551BF3032500B2EA72 /* bus_id.plist */; };
		F7048C5B1BF3854500B2EA72 /* InputGetOnBusStopViewController.m in Sources */ = {isa = PBXBuildFile; fileRef = F7048C5A1BF3854500B2EA72 /* InputGetOnBusStopViewController.m */; };
		F7048C5E1BF3855600B2EA72 /* InputGetOffBusStopViewController.m in Sources */ = {isa = PBXBuildFile; fileRef = F7048C5D1BF3855600B2EA72 /* InputGetOffBusStopViewController.m */; };
		F7048C611BF42F9600B2EA72 /* BusSearchManager.m in Sources */ = {isa = PBXBuildFile; fileRef = F7048C601BF42F9500B2EA72 /* BusSearchManager.m */; };
		F7048C671BF460AA00B2EA72 /* SearchRouteViewController.m in Sources */ = {isa = PBXBuildFile; fileRef = F7048C661BF460AA00B2EA72 /* SearchRouteViewController.m */; };
		F7193A181C081D2B00819FF9 /* ConnectionView.m in Sources */ = {isa = PBXBuildFile; fileRef = F7193A171C081D2B00819FF9 /* ConnectionView.m */; };
		F71EC3371BF8210E000F9F1F /* NoConnectionView.m in Sources */ = {isa = PBXBuildFile; fileRef = F71EC3361BF8210E000F9F1F /* NoConnectionView.m */; };
		F754E0111C22D3160054F003 /* Fabric.framework in Frameworks */ = {isa = PBXBuildFile; fileRef = F754E00F1C22D3160054F003 /* Fabric.framework */; };
		F754E0121C22D3160054F003 /* Crashlytics.framework in Frameworks */ = {isa = PBXBuildFile; fileRef = F754E0101C22D3160054F003 /* Crashlytics.framework */; };
		F7687E8D1C52CCCE006968A7 /* BusTabBarViewController.m in Sources */ = {isa = PBXBuildFile; fileRef = F7687E8C1C52CCCE006968A7 /* BusTabBarViewController.m */; };
		F7687E901C52CD07006968A7 /* HistoryViewController.m in Sources */ = {isa = PBXBuildFile; fileRef = F7687E8F1C52CD07006968A7 /* HistoryViewController.m */; };
		F7687E931C52CD15006968A7 /* FavoriteViewController.m in Sources */ = {isa = PBXBuildFile; fileRef = F7687E921C52CD15006968A7 /* FavoriteViewController.m */; };
		F7687E961C52CD1E006968A7 /* SettingViewController.m in Sources */ = {isa = PBXBuildFile; fileRef = F7687E951C52CD1E006968A7 /* SettingViewController.m */; };
		F7687E9C1C533C9A006968A7 /* pin.png in Resources */ = {isa = PBXBuildFile; fileRef = F7687E981C533C9A006968A7 /* pin.png */; };
		F7687EA21C5341A2006968A7 /* bookmark.png in Resources */ = {isa = PBXBuildFile; fileRef = F7687E9F1C5341A2006968A7 /* bookmark.png */; };
		F7687EA31C5341A2006968A7 /* twitter.png in Resources */ = {isa = PBXBuildFile; fileRef = F7687EA01C5341A2006968A7 /* twitter.png */; };
		F7687EA41C5341A2006968A7 /* list.png in Resources */ = {isa = PBXBuildFile; fileRef = F7687EA11C5341A2006968A7 /* list.png */; };
		F77217441C5B57BA002714B3 /* ShowMapViewController.m in Sources */ = {isa = PBXBuildFile; fileRef = F77217421C5B57BA002714B3 /* ShowMapViewController.m */; };
		F77217451C5B57BA002714B3 /* ShowMapViewController.xib in Resources */ = {isa = PBXBuildFile; fileRef = F77217431C5B57BA002714B3 /* ShowMapViewController.xib */; };
		F77217491C5B68BD002714B3 /* ShowPassingTimeViewController.m in Sources */ = {isa = PBXBuildFile; fileRef = F77217471C5B68BD002714B3 /* ShowPassingTimeViewController.m */; };
		F772174A1C5B68BD002714B3 /* ShowPassingTimeViewController.xib in Resources */ = {isa = PBXBuildFile; fileRef = F77217481C5B68BD002714B3 /* ShowPassingTimeViewController.xib */; };
		F772174E1C5B701C002714B3 /* PassingTimeTableViewCell.m in Sources */ = {isa = PBXBuildFile; fileRef = F772174C1C5B701C002714B3 /* PassingTimeTableViewCell.m */; };
		F772174F1C5B701C002714B3 /* PassingTimeTableViewCell.xib in Resources */ = {isa = PBXBuildFile; fileRef = F772174D1C5B701C002714B3 /* PassingTimeTableViewCell.xib */; };
		F773ADA41C267BE90071EA77 /* Widget.appex in Embed App Extensions */ = {isa = PBXBuildFile; fileRef = F7E211BC1B3E8FF90035AF3A /* Widget.appex */; settings = {ATTRIBUTES = (RemoveHeadersOnCopy, ); }; };
		F7C625871BF2F6E60016C86D /* bus_data.plist in Resources */ = {isa = PBXBuildFile; fileRef = F7C625831BF2F6E60016C86D /* bus_data.plist */; };
		F7C625881BF2F6E60016C86D /* bus_data.plist in Resources */ = {isa = PBXBuildFile; fileRef = F7C625831BF2F6E60016C86D /* bus_data.plist */; };
		F7C625891BF2F6E60016C86D /* bus_data.plist in Resources */ = {isa = PBXBuildFile; fileRef = F7C625831BF2F6E60016C86D /* bus_data.plist */; };
		F7E211951B3E8E2F0035AF3A /* main.m in Sources */ = {isa = PBXBuildFile; fileRef = F7E211941B3E8E2F0035AF3A /* main.m */; };
		F7E211981B3E8E2F0035AF3A /* AppDelegate.m in Sources */ = {isa = PBXBuildFile; fileRef = F7E211971B3E8E2F0035AF3A /* AppDelegate.m */; };
		F7E2119B1B3E8E2F0035AF3A /* ViewController.m in Sources */ = {isa = PBXBuildFile; fileRef = F7E2119A1B3E8E2F0035AF3A /* ViewController.m */; };
		F7E2119E1B3E8E2F0035AF3A /* Main.storyboard in Resources */ = {isa = PBXBuildFile; fileRef = F7E2119C1B3E8E2F0035AF3A /* Main.storyboard */; };
		F7E211A01B3E8E2F0035AF3A /* Images.xcassets in Resources */ = {isa = PBXBuildFile; fileRef = F7E2119F1B3E8E2F0035AF3A /* Images.xcassets */; };
		F7E211A31B3E8E2F0035AF3A /* LaunchScreen.xib in Resources */ = {isa = PBXBuildFile; fileRef = F7E211A11B3E8E2F0035AF3A /* LaunchScreen.xib */; };
		F7E211AF1B3E8E2F0035AF3A /* FunAppTests.m in Sources */ = {isa = PBXBuildFile; fileRef = F7E211AE1B3E8E2F0035AF3A /* FunAppTests.m */; };
		F7E211BF1B3E8FF90035AF3A /* NotificationCenter.framework in Frameworks */ = {isa = PBXBuildFile; fileRef = F7E211BE1B3E8FF90035AF3A /* NotificationCenter.framework */; };
		F7E211C51B3E8FF90035AF3A /* TodayViewController.m in Sources */ = {isa = PBXBuildFile; fileRef = F7E211C41B3E8FF90035AF3A /* TodayViewController.m */; };
		F7E211C71B3E8FF90035AF3A /* MainInterface.storyboard in Resources */ = {isa = PBXBuildFile; fileRef = F7E211C61B3E8FF90035AF3A /* MainInterface.storyboard */; };
/* End PBXBuildFile section */

/* Begin PBXContainerItemProxy section */
		F7E211A91B3E8E2F0035AF3A /* PBXContainerItemProxy */ = {
			isa = PBXContainerItemProxy;
			containerPortal = F7E211871B3E8E2D0035AF3A /* Project object */;
			proxyType = 1;
			remoteGlobalIDString = F7E2118E1B3E8E2E0035AF3A;
			remoteInfo = FunApp;
		};
		F7E211C81B3E8FF90035AF3A /* PBXContainerItemProxy */ = {
			isa = PBXContainerItemProxy;
			containerPortal = F7E211871B3E8E2D0035AF3A /* Project object */;
			proxyType = 1;
			remoteGlobalIDString = F7E211BB1B3E8FF90035AF3A;
			remoteInfo = Widget;
		};
/* End PBXContainerItemProxy section */

/* Begin PBXCopyFilesBuildPhase section */
		F773AD9F1C267BCA0071EA77 /* Embed App Extensions */ = {
			isa = PBXCopyFilesBuildPhase;
			buildActionMask = 2147483647;
			dstPath = "";
			dstSubfolderSpec = 13;
			files = (
				F773ADA41C267BE90071EA77 /* Widget.appex in Embed App Extensions */,
			);
			name = "Embed App Extensions";
			runOnlyForDeploymentPostprocessing = 0;
		};
/* End PBXCopyFilesBuildPhase section */

/* Begin PBXFileReference section */
		F701CB9B1C51C6FC00AC51D7 /* RouteSearchManager.h */ = {isa = PBXFileReference; fileEncoding = 4; lastKnownFileType = sourcecode.c.h; path = RouteSearchManager.h; sourceTree = "<group>"; };
		F701CB9C1C51C6FC00AC51D7 /* RouteSearchManager.m */ = {isa = PBXFileReference; fileEncoding = 4; lastKnownFileType = sourcecode.c.objc; path = RouteSearchManager.m; sourceTree = "<group>"; };
		F701CB9F1C52700B00AC51D7 /* SelectViaViewController.h */ = {isa = PBXFileReference; fileEncoding = 4; lastKnownFileType = sourcecode.c.h; path = SelectViaViewController.h; sourceTree = "<group>"; };
		F701CBA01C52700B00AC51D7 /* SelectViaViewController.m */ = {isa = PBXFileReference; fileEncoding = 4; lastKnownFileType = sourcecode.c.objc; path = SelectViaViewController.m; sourceTree = "<group>"; };
		F701CBA31C528FBA00AC51D7 /* icon.png */ = {isa = PBXFileReference; lastKnownFileType = image.png; path = icon.png; sourceTree = "<group>"; };
		F7048C551BF3032500B2EA72 /* bus_id.plist */ = {isa = PBXFileReference; fileEncoding = 4; lastKnownFileType = text.plist.xml; path = bus_id.plist; sourceTree = "<group>"; };
		F7048C591BF3854500B2EA72 /* InputGetOnBusStopViewController.h */ = {isa = PBXFileReference; fileEncoding = 4; lastKnownFileType = sourcecode.c.h; path = InputGetOnBusStopViewController.h; sourceTree = "<group>"; };
		F7048C5A1BF3854500B2EA72 /* InputGetOnBusStopViewController.m */ = {isa = PBXFileReference; fileEncoding = 4; lastKnownFileType = sourcecode.c.objc; path = InputGetOnBusStopViewController.m; sourceTree = "<group>"; };
		F7048C5C1BF3855600B2EA72 /* InputGetOffBusStopViewController.h */ = {isa = PBXFileReference; fileEncoding = 4; lastKnownFileType = sourcecode.c.h; path = InputGetOffBusStopViewController.h; sourceTree = "<group>"; };
		F7048C5D1BF3855600B2EA72 /* InputGetOffBusStopViewController.m */ = {isa = PBXFileReference; fileEncoding = 4; lastKnownFileType = sourcecode.c.objc; path = InputGetOffBusStopViewController.m; sourceTree = "<group>"; };
		F7048C5F1BF42F9500B2EA72 /* BusSearchManager.h */ = {isa = PBXFileReference; fileEncoding = 4; lastKnownFileType = sourcecode.c.h; path = BusSearchManager.h; sourceTree = "<group>"; };
		F7048C601BF42F9500B2EA72 /* BusSearchManager.m */ = {isa = PBXFileReference; fileEncoding = 4; lastKnownFileType = sourcecode.c.objc; path = BusSearchManager.m; sourceTree = "<group>"; };
		F7048C651BF460AA00B2EA72 /* SearchRouteViewController.h */ = {isa = PBXFileReference; fileEncoding = 4; lastKnownFileType = sourcecode.c.h; path = SearchRouteViewController.h; sourceTree = "<group>"; };
		F7048C661BF460AA00B2EA72 /* SearchRouteViewController.m */ = {isa = PBXFileReference; fileEncoding = 4; lastKnownFileType = sourcecode.c.objc; path = SearchRouteViewController.m; sourceTree = "<group>"; };
		F7193A161C081D2B00819FF9 /* ConnectionView.h */ = {isa = PBXFileReference; fileEncoding = 4; lastKnownFileType = sourcecode.c.h; path = ConnectionView.h; sourceTree = "<group>"; };
		F7193A171C081D2B00819FF9 /* ConnectionView.m */ = {isa = PBXFileReference; fileEncoding = 4; lastKnownFileType = sourcecode.c.objc; path = ConnectionView.m; sourceTree = "<group>"; };
		F71EC3351BF8210E000F9F1F /* NoConnectionView.h */ = {isa = PBXFileReference; fileEncoding = 4; lastKnownFileType = sourcecode.c.h; path = NoConnectionView.h; sourceTree = "<group>"; };
		F71EC3361BF8210E000F9F1F /* NoConnectionView.m */ = {isa = PBXFileReference; fileEncoding = 4; lastKnownFileType = sourcecode.c.objc; path = NoConnectionView.m; sourceTree = "<group>"; };
		F754E00F1C22D3160054F003 /* Fabric.framework */ = {isa = PBXFileReference; lastKnownFileType = wrapper.framework; path = Fabric.framework; sourceTree = "<group>"; };
		F754E0101C22D3160054F003 /* Crashlytics.framework */ = {isa = PBXFileReference; lastKnownFileType = wrapper.framework; path = Crashlytics.framework; sourceTree = "<group>"; };
		F7687E8B1C52CCCE006968A7 /* BusTabBarViewController.h */ = {isa = PBXFileReference; fileEncoding = 4; lastKnownFileType = sourcecode.c.h; path = BusTabBarViewController.h; sourceTree = "<group>"; };
		F7687E8C1C52CCCE006968A7 /* BusTabBarViewController.m */ = {isa = PBXFileReference; fileEncoding = 4; lastKnownFileType = sourcecode.c.objc; path = BusTabBarViewController.m; sourceTree = "<group>"; };
		F7687E8E1C52CD07006968A7 /* HistoryViewController.h */ = {isa = PBXFileReference; fileEncoding = 4; lastKnownFileType = sourcecode.c.h; path = HistoryViewController.h; sourceTree = "<group>"; };
		F7687E8F1C52CD07006968A7 /* HistoryViewController.m */ = {isa = PBXFileReference; fileEncoding = 4; lastKnownFileType = sourcecode.c.objc; path = HistoryViewController.m; sourceTree = "<group>"; };
		F7687E911C52CD15006968A7 /* FavoriteViewController.h */ = {isa = PBXFileReference; fileEncoding = 4; lastKnownFileType = sourcecode.c.h; path = FavoriteViewController.h; sourceTree = "<group>"; };
		F7687E921C52CD15006968A7 /* FavoriteViewController.m */ = {isa = PBXFileReference; fileEncoding = 4; lastKnownFileType = sourcecode.c.objc; path = FavoriteViewController.m; sourceTree = "<group>"; };
		F7687E941C52CD1E006968A7 /* SettingViewController.h */ = {isa = PBXFileReference; fileEncoding = 4; lastKnownFileType = sourcecode.c.h; path = SettingViewController.h; sourceTree = "<group>"; };
		F7687E951C52CD1E006968A7 /* SettingViewController.m */ = {isa = PBXFileReference; fileEncoding = 4; lastKnownFileType = sourcecode.c.objc; path = SettingViewController.m; sourceTree = "<group>"; };
		F7687E981C533C9A006968A7 /* pin.png */ = {isa = PBXFileReference; lastKnownFileType = image.png; path = pin.png; sourceTree = "<group>"; };
		F7687E9F1C5341A2006968A7 /* bookmark.png */ = {isa = PBXFileReference; lastKnownFileType = image.png; path = bookmark.png; sourceTree = "<group>"; };
		F7687EA01C5341A2006968A7 /* twitter.png */ = {isa = PBXFileReference; lastKnownFileType = image.png; path = twitter.png; sourceTree = "<group>"; };
		F7687EA11C5341A2006968A7 /* list.png */ = {isa = PBXFileReference; lastKnownFileType = image.png; path = list.png; sourceTree = "<group>"; };
		F772173F1C5B3C20002714B3 /* ja */ = {isa = PBXFileReference; lastKnownFileType = text.plist.strings; name = ja; path = ja.lproj/Main.strings; sourceTree = "<group>"; };
		F77217401C5B3C21002714B3 /* ja */ = {isa = PBXFileReference; lastKnownFileType = text.plist.strings; name = ja; path = ja.lproj/LaunchScreen.strings; sourceTree = "<group>"; };
		F77217411C5B57BA002714B3 /* ShowMapViewController.h */ = {isa = PBXFileReference; fileEncoding = 4; lastKnownFileType = sourcecode.c.h; path = ShowMapViewController.h; sourceTree = "<group>"; };
		F77217421C5B57BA002714B3 /* ShowMapViewController.m */ = {isa = PBXFileReference; fileEncoding = 4; lastKnownFileType = sourcecode.c.objc; path = ShowMapViewController.m; sourceTree = "<group>"; };
		F77217431C5B57BA002714B3 /* ShowMapViewController.xib */ = {isa = PBXFileReference; fileEncoding = 4; lastKnownFileType = file.xib; path = ShowMapViewController.xib; sourceTree = "<group>"; };
		F77217461C5B68BD002714B3 /* ShowPassingTimeViewController.h */ = {isa = PBXFileReference; fileEncoding = 4; lastKnownFileType = sourcecode.c.h; path = ShowPassingTimeViewController.h; sourceTree = "<group>"; };
		F77217471C5B68BD002714B3 /* ShowPassingTimeViewController.m */ = {isa = PBXFileReference; fileEncoding = 4; lastKnownFileType = sourcecode.c.objc; path = ShowPassingTimeViewController.m; sourceTree = "<group>"; };
		F77217481C5B68BD002714B3 /* ShowPassingTimeViewController.xib */ = {isa = PBXFileReference; fileEncoding = 4; lastKnownFileType = file.xib; path = ShowPassingTimeViewController.xib; sourceTree = "<group>"; };
		F772174B1C5B701C002714B3 /* PassingTimeTableViewCell.h */ = {isa = PBXFileReference; fileEncoding = 4; lastKnownFileType = sourcecode.c.h; path = PassingTimeTableViewCell.h; sourceTree = "<group>"; };
		F772174C1C5B701C002714B3 /* PassingTimeTableViewCell.m */ = {isa = PBXFileReference; fileEncoding = 4; lastKnownFileType = sourcecode.c.objc; path = PassingTimeTableViewCell.m; sourceTree = "<group>"; };
		F772174D1C5B701C002714B3 /* PassingTimeTableViewCell.xib */ = {isa = PBXFileReference; fileEncoding = 4; lastKnownFileType = file.xib; path = PassingTimeTableViewCell.xib; sourceTree = "<group>"; };
		F7C625831BF2F6E60016C86D /* bus_data.plist */ = {isa = PBXFileReference; fileEncoding = 4; lastKnownFileType = text.plist.xml; path = bus_data.plist; sourceTree = "<group>"; };
		F7E2118F1B3E8E2E0035AF3A /* FunApp.app */ = {isa = PBXFileReference; explicitFileType = wrapper.application; includeInIndex = 0; path = FunApp.app; sourceTree = BUILT_PRODUCTS_DIR; };
		F7E211931B3E8E2F0035AF3A /* Info.plist */ = {isa = PBXFileReference; lastKnownFileType = text.plist.xml; path = Info.plist; sourceTree = "<group>"; };
		F7E211941B3E8E2F0035AF3A /* main.m */ = {isa = PBXFileReference; lastKnownFileType = sourcecode.c.objc; path = main.m; sourceTree = "<group>"; };
		F7E211961B3E8E2F0035AF3A /* AppDelegate.h */ = {isa = PBXFileReference; lastKnownFileType = sourcecode.c.h; path = AppDelegate.h; sourceTree = "<group>"; };
		F7E211971B3E8E2F0035AF3A /* AppDelegate.m */ = {isa = PBXFileReference; lastKnownFileType = sourcecode.c.objc; path = AppDelegate.m; sourceTree = "<group>"; };
		F7E211991B3E8E2F0035AF3A /* ViewController.h */ = {isa = PBXFileReference; lastKnownFileType = sourcecode.c.h; path = ViewController.h; sourceTree = "<group>"; };
		F7E2119A1B3E8E2F0035AF3A /* ViewController.m */ = {isa = PBXFileReference; lastKnownFileType = sourcecode.c.objc; path = ViewController.m; sourceTree = "<group>"; };
		F7E2119D1B3E8E2F0035AF3A /* Base */ = {isa = PBXFileReference; lastKnownFileType = file.storyboard; name = Base; path = Base.lproj/Main.storyboard; sourceTree = "<group>"; };
		F7E2119F1B3E8E2F0035AF3A /* Images.xcassets */ = {isa = PBXFileReference; lastKnownFileType = folder.assetcatalog; path = Images.xcassets; sourceTree = "<group>"; };
		F7E211A21B3E8E2F0035AF3A /* Base */ = {isa = PBXFileReference; lastKnownFileType = file.xib; name = Base; path = Base.lproj/LaunchScreen.xib; sourceTree = "<group>"; };
		F7E211A81B3E8E2F0035AF3A /* FunAppTests.xctest */ = {isa = PBXFileReference; explicitFileType = wrapper.cfbundle; includeInIndex = 0; path = FunAppTests.xctest; sourceTree = BUILT_PRODUCTS_DIR; };
		F7E211AD1B3E8E2F0035AF3A /* Info.plist */ = {isa = PBXFileReference; lastKnownFileType = text.plist.xml; path = Info.plist; sourceTree = "<group>"; };
		F7E211AE1B3E8E2F0035AF3A /* FunAppTests.m */ = {isa = PBXFileReference; lastKnownFileType = sourcecode.c.objc; path = FunAppTests.m; sourceTree = "<group>"; };
		F7E211BC1B3E8FF90035AF3A /* Widget.appex */ = {isa = PBXFileReference; explicitFileType = "wrapper.app-extension"; includeInIndex = 0; path = Widget.appex; sourceTree = BUILT_PRODUCTS_DIR; };
		F7E211BE1B3E8FF90035AF3A /* NotificationCenter.framework */ = {isa = PBXFileReference; lastKnownFileType = wrapper.framework; name = NotificationCenter.framework; path = System/Library/Frameworks/NotificationCenter.framework; sourceTree = SDKROOT; };
		F7E211C21B3E8FF90035AF3A /* Info.plist */ = {isa = PBXFileReference; lastKnownFileType = text.plist.xml; path = Info.plist; sourceTree = "<group>"; };
		F7E211C31B3E8FF90035AF3A /* TodayViewController.h */ = {isa = PBXFileReference; lastKnownFileType = sourcecode.c.h; path = TodayViewController.h; sourceTree = "<group>"; };
		F7E211C41B3E8FF90035AF3A /* TodayViewController.m */ = {isa = PBXFileReference; lastKnownFileType = sourcecode.c.objc; path = TodayViewController.m; sourceTree = "<group>"; };
		F7E211C61B3E8FF90035AF3A /* MainInterface.storyboard */ = {isa = PBXFileReference; lastKnownFileType = file.storyboard; path = MainInterface.storyboard; sourceTree = "<group>"; };
/* End PBXFileReference section */

/* Begin PBXFrameworksBuildPhase section */
		F7E2118C1B3E8E2E0035AF3A /* Frameworks */ = {
			isa = PBXFrameworksBuildPhase;
			buildActionMask = 2147483647;
			files = (
				F754E0121C22D3160054F003 /* Crashlytics.framework in Frameworks */,
				F754E0111C22D3160054F003 /* Fabric.framework in Frameworks */,
			);
			runOnlyForDeploymentPostprocessing = 0;
		};
		F7E211A51B3E8E2F0035AF3A /* Frameworks */ = {
			isa = PBXFrameworksBuildPhase;
			buildActionMask = 2147483647;
			files = (
			);
			runOnlyForDeploymentPostprocessing = 0;
		};
		F7E211B91B3E8FF90035AF3A /* Frameworks */ = {
			isa = PBXFrameworksBuildPhase;
			buildActionMask = 2147483647;
			files = (
				F7E211BF1B3E8FF90035AF3A /* NotificationCenter.framework in Frameworks */,
			);
			runOnlyForDeploymentPostprocessing = 0;
		};
/* End PBXFrameworksBuildPhase section */

/* Begin PBXGroup section */
		F7E211861B3E8E2D0035AF3A = {
			isa = PBXGroup;
			children = (
				F754E00F1C22D3160054F003 /* Fabric.framework */,
				F754E0101C22D3160054F003 /* Crashlytics.framework */,
				F7048C551BF3032500B2EA72 /* bus_id.plist */,
				F7C625831BF2F6E60016C86D /* bus_data.plist */,
				F701CBA31C528FBA00AC51D7 /* icon.png */,
				F7E211911B3E8E2E0035AF3A /* FunApp */,
				F7E211AB1B3E8E2F0035AF3A /* FunAppTests */,
				F7E211C01B3E8FF90035AF3A /* Widget */,
				F7E211BD1B3E8FF90035AF3A /* Frameworks */,
				F7E211901B3E8E2E0035AF3A /* Products */,
			);
			sourceTree = "<group>";
		};
		F7E211901B3E8E2E0035AF3A /* Products */ = {
			isa = PBXGroup;
			children = (
				F7E2118F1B3E8E2E0035AF3A /* FunApp.app */,
				F7E211A81B3E8E2F0035AF3A /* FunAppTests.xctest */,
				F7E211BC1B3E8FF90035AF3A /* Widget.appex */,
			);
			name = Products;
			sourceTree = "<group>";
		};
		F7E211911B3E8E2E0035AF3A /* FunApp */ = {
			isa = PBXGroup;
			children = (
				F7E211961B3E8E2F0035AF3A /* AppDelegate.h */,
				F7E211971B3E8E2F0035AF3A /* AppDelegate.m */,
				F7E211991B3E8E2F0035AF3A /* ViewController.h */,
				F7E2119A1B3E8E2F0035AF3A /* ViewController.m */,
				F7048C5F1BF42F9500B2EA72 /* BusSearchManager.h */,
				F7048C601BF42F9500B2EA72 /* BusSearchManager.m */,
				F701CB9B1C51C6FC00AC51D7 /* RouteSearchManager.h */,
				F701CB9C1C51C6FC00AC51D7 /* RouteSearchManager.m */,
				F7E2119C1B3E8E2F0035AF3A /* Main.storyboard */,
				F77217411C5B57BA002714B3 /* ShowMapViewController.h */,
				F77217421C5B57BA002714B3 /* ShowMapViewController.m */,
				F77217431C5B57BA002714B3 /* ShowMapViewController.xib */,
				F77217461C5B68BD002714B3 /* ShowPassingTimeViewController.h */,
				F77217471C5B68BD002714B3 /* ShowPassingTimeViewController.m */,
				F77217481C5B68BD002714B3 /* ShowPassingTimeViewController.xib */,
				F772174B1C5B701C002714B3 /* PassingTimeTableViewCell.h */,
				F772174C1C5B701C002714B3 /* PassingTimeTableViewCell.m */,
				F772174D1C5B701C002714B3 /* PassingTimeTableViewCell.xib */,
				F7687E8E1C52CD07006968A7 /* HistoryViewController.h */,
				F7687E8F1C52CD07006968A7 /* HistoryViewController.m */,
				F7687E941C52CD1E006968A7 /* SettingViewController.h */,
				F7687E951C52CD1E006968A7 /* SettingViewController.m */,
				F7687E911C52CD15006968A7 /* FavoriteViewController.h */,
				F7687E921C52CD15006968A7 /* FavoriteViewController.m */,
				F7687E8B1C52CCCE006968A7 /* BusTabBarViewController.h */,
				F7687E8C1C52CCCE006968A7 /* BusTabBarViewController.m */,
				F701CB9F1C52700B00AC51D7 /* SelectViaViewController.h */,
				F701CBA01C52700B00AC51D7 /* SelectViaViewController.m */,
				F7048C5C1BF3855600B2EA72 /* InputGetOffBusStopViewController.h */,
				F7048C5D1BF3855600B2EA72 /* InputGetOffBusStopViewController.m */,
				F7048C591BF3854500B2EA72 /* InputGetOnBusStopViewController.h */,
				F7048C5A1BF3854500B2EA72 /* InputGetOnBusStopViewController.m */,
				F7048C651BF460AA00B2EA72 /* SearchRouteViewController.h */,
				F7048C661BF460AA00B2EA72 /* SearchRouteViewController.m */,
				F71EC3351BF8210E000F9F1F /* NoConnectionView.h */,
				F71EC3361BF8210E000F9F1F /* NoConnectionView.m */,
				F7193A161C081D2B00819FF9 /* ConnectionView.h */,
				F7193A171C081D2B00819FF9 /* ConnectionView.m */,
				F7E2119F1B3E8E2F0035AF3A /* Images.xcassets */,
				F7E211A11B3E8E2F0035AF3A /* LaunchScreen.xib */,
				F7687E981C533C9A006968A7 /* pin.png */,
				F7687E9F1C5341A2006968A7 /* bookmark.png */,
				F7687EA01C5341A2006968A7 /* twitter.png */,
				F7687EA11C5341A2006968A7 /* list.png */,
				F7E211921B3E8E2E0035AF3A /* Supporting Files */,
			);
			path = FunApp;
			sourceTree = "<group>";
		};
		F7E211921B3E8E2E0035AF3A /* Supporting Files */ = {
			isa = PBXGroup;
			children = (
				F7E211931B3E8E2F0035AF3A /* Info.plist */,
				F7E211941B3E8E2F0035AF3A /* main.m */,
			);
			name = "Supporting Files";
			sourceTree = "<group>";
		};
		F7E211AB1B3E8E2F0035AF3A /* FunAppTests */ = {
			isa = PBXGroup;
			children = (
				F7E211AE1B3E8E2F0035AF3A /* FunAppTests.m */,
				F7E211AC1B3E8E2F0035AF3A /* Supporting Files */,
			);
			path = FunAppTests;
			sourceTree = "<group>";
		};
		F7E211AC1B3E8E2F0035AF3A /* Supporting Files */ = {
			isa = PBXGroup;
			children = (
				F7E211AD1B3E8E2F0035AF3A /* Info.plist */,
			);
			name = "Supporting Files";
			sourceTree = "<group>";
		};
		F7E211BD1B3E8FF90035AF3A /* Frameworks */ = {
			isa = PBXGroup;
			children = (
				F7E211BE1B3E8FF90035AF3A /* NotificationCenter.framework */,
			);
			name = Frameworks;
			sourceTree = "<group>";
		};
		F7E211C01B3E8FF90035AF3A /* Widget */ = {
			isa = PBXGroup;
			children = (
				F7E211C31B3E8FF90035AF3A /* TodayViewController.h */,
				F7E211C41B3E8FF90035AF3A /* TodayViewController.m */,
				F7E211C61B3E8FF90035AF3A /* MainInterface.storyboard */,
				F7E211C11B3E8FF90035AF3A /* Supporting Files */,
			);
			path = Widget;
			sourceTree = "<group>";
		};
		F7E211C11B3E8FF90035AF3A /* Supporting Files */ = {
			isa = PBXGroup;
			children = (
				F7E211C21B3E8FF90035AF3A /* Info.plist */,
			);
			name = "Supporting Files";
			sourceTree = "<group>";
		};
/* End PBXGroup section */

/* Begin PBXNativeTarget section */
		F7E2118E1B3E8E2E0035AF3A /* FunApp */ = {
			isa = PBXNativeTarget;
			buildConfigurationList = F7E211B21B3E8E2F0035AF3A /* Build configuration list for PBXNativeTarget "FunApp" */;
			buildPhases = (
				F7E2118B1B3E8E2E0035AF3A /* Sources */,
				F7E2118C1B3E8E2E0035AF3A /* Frameworks */,
				F7E2118D1B3E8E2E0035AF3A /* Resources */,
				F754E00E1C22D2BC0054F003 /* ShellScript */,
				F773AD9F1C267BCA0071EA77 /* Embed App Extensions */,
			);
			buildRules = (
			);
			dependencies = (
				F7E211C91B3E8FF90035AF3A /* PBXTargetDependency */,
			);
			name = FunApp;
			productName = FunApp;
			productReference = F7E2118F1B3E8E2E0035AF3A /* FunApp.app */;
			productType = "com.apple.product-type.application";
		};
		F7E211A71B3E8E2F0035AF3A /* FunAppTests */ = {
			isa = PBXNativeTarget;
			buildConfigurationList = F7E211B51B3E8E2F0035AF3A /* Build configuration list for PBXNativeTarget "FunAppTests" */;
			buildPhases = (
				F7E211A41B3E8E2F0035AF3A /* Sources */,
				F7E211A51B3E8E2F0035AF3A /* Frameworks */,
				F7E211A61B3E8E2F0035AF3A /* Resources */,
			);
			buildRules = (
			);
			dependencies = (
				F7E211AA1B3E8E2F0035AF3A /* PBXTargetDependency */,
			);
			name = FunAppTests;
			productName = FunAppTests;
			productReference = F7E211A81B3E8E2F0035AF3A /* FunAppTests.xctest */;
			productType = "com.apple.product-type.bundle.unit-test";
		};
		F7E211BB1B3E8FF90035AF3A /* Widget */ = {
			isa = PBXNativeTarget;
			buildConfigurationList = F7E211CB1B3E8FF90035AF3A /* Build configuration list for PBXNativeTarget "Widget" */;
			buildPhases = (
				F7E211B81B3E8FF90035AF3A /* Sources */,
				F7E211B91B3E8FF90035AF3A /* Frameworks */,
				F7E211BA1B3E8FF90035AF3A /* Resources */,
			);
			buildRules = (
			);
			dependencies = (
			);
			name = Widget;
			productName = Widget;
			productReference = F7E211BC1B3E8FF90035AF3A /* Widget.appex */;
			productType = "com.apple.product-type.app-extension";
		};
/* End PBXNativeTarget section */

/* Begin PBXProject section */
		F7E211871B3E8E2D0035AF3A /* Project object */ = {
			isa = PBXProject;
			attributes = {
				LastUpgradeCheck = 0720;
				ORGANIZATIONNAME = "Atsuya Sato";
				TargetAttributes = {
					F7E2118E1B3E8E2E0035AF3A = {
						CreatedOnToolsVersion = 6.3.2;
						DevelopmentTeam = DEQGLB9PU4;
					};
					F7E211A71B3E8E2F0035AF3A = {
						CreatedOnToolsVersion = 6.3.2;
						DevelopmentTeam = DEQGLB9PU4;
						TestTargetID = F7E2118E1B3E8E2E0035AF3A;
					};
					F7E211BB1B3E8FF90035AF3A = {
						CreatedOnToolsVersion = 6.3.2;
						DevelopmentTeam = DEQGLB9PU4;
					};
				};
			};
			buildConfigurationList = F7E2118A1B3E8E2E0035AF3A /* Build configuration list for PBXProject "FunApp" */;
			compatibilityVersion = "Xcode 3.2";
			developmentRegion = English;
			hasScannedForEncodings = 0;
			knownRegions = (
				en,
				Base,
			);
			mainGroup = F7E211861B3E8E2D0035AF3A;
			productRefGroup = F7E211901B3E8E2E0035AF3A /* Products */;
			projectDirPath = "";
			projectRoot = "";
			targets = (
				F7E2118E1B3E8E2E0035AF3A /* FunApp */,
				F7E211A71B3E8E2F0035AF3A /* FunAppTests */,
				F7E211BB1B3E8FF90035AF3A /* Widget */,
			);
		};
/* End PBXProject section */

/* Begin PBXResourcesBuildPhase section */
		F7E2118D1B3E8E2E0035AF3A /* Resources */ = {
			isa = PBXResourcesBuildPhase;
			buildActionMask = 2147483647;
			files = (
				F772174F1C5B701C002714B3 /* PassingTimeTableViewCell.xib in Resources */,
				F7E2119E1B3E8E2F0035AF3A /* Main.storyboard in Resources */,
				F7687EA41C5341A2006968A7 /* list.png in Resources */,
				F77217451C5B57BA002714B3 /* ShowMapViewController.xib in Resources */,
				F7687E9C1C533C9A006968A7 /* pin.png in Resources */,
				F7C625871BF2F6E60016C86D /* bus_data.plist in Resources */,
				F701CBA41C528FBA00AC51D7 /* icon.png in Resources */,
				F7048C561BF3032500B2EA72 /* bus_id.plist in Resources */,
				F7687EA21C5341A2006968A7 /* bookmark.png in Resources */,
				F7687EA31C5341A2006968A7 /* twitter.png in Resources */,
				F7E211A31B3E8E2F0035AF3A /* LaunchScreen.xib in Resources */,
				F772174A1C5B68BD002714B3 /* ShowPassingTimeViewController.xib in Resources */,
				F7E211A01B3E8E2F0035AF3A /* Images.xcassets in Resources */,
			);
			runOnlyForDeploymentPostprocessing = 0;
		};
		F7E211A61B3E8E2F0035AF3A /* Resources */ = {
			isa = PBXResourcesBuildPhase;
			buildActionMask = 2147483647;
			files = (
				F7C625881BF2F6E60016C86D /* bus_data.plist in Resources */,
				F7048C571BF3032500B2EA72 /* bus_id.plist in Resources */,
			);
			runOnlyForDeploymentPostprocessing = 0;
		};
		F7E211BA1B3E8FF90035AF3A /* Resources */ = {
			isa = PBXResourcesBuildPhase;
			buildActionMask = 2147483647;
			files = (
				F7048C581BF3032500B2EA72 /* bus_id.plist in Resources */,
				F7E211C71B3E8FF90035AF3A /* MainInterface.storyboard in Resources */,
				F7C625891BF2F6E60016C86D /* bus_data.plist in Resources */,
			);
			runOnlyForDeploymentPostprocessing = 0;
		};
/* End PBXResourcesBuildPhase section */

/* Begin PBXShellScriptBuildPhase section */
		F754E00E1C22D2BC0054F003 /* ShellScript */ = {
			isa = PBXShellScriptBuildPhase;
			buildActionMask = 2147483647;
			files = (
			);
			inputPaths = (
			);
			outputPaths = (
			);
			runOnlyForDeploymentPostprocessing = 0;
			shellPath = /bin/sh;
			shellScript = "./Fabric.framework/run 3c6f7d6b7005eb0608c60ca0a6d455898e3929f4 c247ef5f03de67cbcf5380a6af065371ba58115846c22e89ab4d8e0f82e82a61";
		};
/* End PBXShellScriptBuildPhase section */

/* Begin PBXSourcesBuildPhase section */
		F7E2118B1B3E8E2E0035AF3A /* Sources */ = {
			isa = PBXSourcesBuildPhase;
			buildActionMask = 2147483647;
			files = (
				F77217441C5B57BA002714B3 /* ShowMapViewController.m in Sources */,
				F7687E931C52CD15006968A7 /* FavoriteViewController.m in Sources */,
				F772174E1C5B701C002714B3 /* PassingTimeTableViewCell.m in Sources */,
				F77217491C5B68BD002714B3 /* ShowPassingTimeViewController.m in Sources */,
				F7048C5B1BF3854500B2EA72 /* InputGetOnBusStopViewController.m in Sources */,
				F7193A181C081D2B00819FF9 /* ConnectionView.m in Sources */,
				F7048C671BF460AA00B2EA72 /* SearchRouteViewController.m in Sources */,
				F7E2119B1B3E8E2F0035AF3A /* ViewController.m in Sources */,
				F7048C611BF42F9600B2EA72 /* BusSearchManager.m in Sources */,
				F7E211981B3E8E2F0035AF3A /* AppDelegate.m in Sources */,
				F7687E901C52CD07006968A7 /* HistoryViewController.m in Sources */,
				F701CBA11C52700B00AC51D7 /* SelectViaViewController.m in Sources */,
				F71EC3371BF8210E000F9F1F /* NoConnectionView.m in Sources */,
				F701CB9D1C51C6FC00AC51D7 /* RouteSearchManager.m in Sources */,
				F7687E8D1C52CCCE006968A7 /* BusTabBarViewController.m in Sources */,
				F7E211951B3E8E2F0035AF3A /* main.m in Sources */,
				F7048C5E1BF3855600B2EA72 /* InputGetOffBusStopViewController.m in Sources */,
				F7687E961C52CD1E006968A7 /* SettingViewController.m in Sources */,
			);
			runOnlyForDeploymentPostprocessing = 0;
		};
		F7E211A41B3E8E2F0035AF3A /* Sources */ = {
			isa = PBXSourcesBuildPhase;
			buildActionMask = 2147483647;
			files = (
				F7E211AF1B3E8E2F0035AF3A /* FunAppTests.m in Sources */,
			);
			runOnlyForDeploymentPostprocessing = 0;
		};
		F7E211B81B3E8FF90035AF3A /* Sources */ = {
			isa = PBXSourcesBuildPhase;
			buildActionMask = 2147483647;
			files = (
				F7E211C51B3E8FF90035AF3A /* TodayViewController.m in Sources */,
			);
			runOnlyForDeploymentPostprocessing = 0;
		};
/* End PBXSourcesBuildPhase section */

/* Begin PBXTargetDependency section */
		F7E211AA1B3E8E2F0035AF3A /* PBXTargetDependency */ = {
			isa = PBXTargetDependency;
			target = F7E2118E1B3E8E2E0035AF3A /* FunApp */;
			targetProxy = F7E211A91B3E8E2F0035AF3A /* PBXContainerItemProxy */;
		};
		F7E211C91B3E8FF90035AF3A /* PBXTargetDependency */ = {
			isa = PBXTargetDependency;
			target = F7E211BB1B3E8FF90035AF3A /* Widget */;
			targetProxy = F7E211C81B3E8FF90035AF3A /* PBXContainerItemProxy */;
		};
/* End PBXTargetDependency section */

/* Begin PBXVariantGroup section */
		F7E2119C1B3E8E2F0035AF3A /* Main.storyboard */ = {
			isa = PBXVariantGroup;
			children = (
				F7E2119D1B3E8E2F0035AF3A /* Base */,
				F772173F1C5B3C20002714B3 /* ja */,
			);
			name = Main.storyboard;
			sourceTree = "<group>";
		};
		F7E211A11B3E8E2F0035AF3A /* LaunchScreen.xib */ = {
			isa = PBXVariantGroup;
			children = (
				F7E211A21B3E8E2F0035AF3A /* Base */,
				F77217401C5B3C21002714B3 /* ja */,
			);
			name = LaunchScreen.xib;
			sourceTree = "<group>";
		};
/* End PBXVariantGroup section */

/* Begin XCBuildConfiguration section */
		F7E211B01B3E8E2F0035AF3A /* Debug */ = {
			isa = XCBuildConfiguration;
			buildSettings = {
				ALWAYS_SEARCH_USER_PATHS = NO;
				CLANG_CXX_LANGUAGE_STANDARD = "gnu++0x";
				CLANG_CXX_LIBRARY = "libc++";
				CLANG_ENABLE_MODULES = YES;
				CLANG_ENABLE_OBJC_ARC = YES;
				CLANG_WARN_BOOL_CONVERSION = YES;
				CLANG_WARN_CONSTANT_CONVERSION = YES;
				CLANG_WARN_DIRECT_OBJC_ISA_USAGE = YES_ERROR;
				CLANG_WARN_EMPTY_BODY = YES;
				CLANG_WARN_ENUM_CONVERSION = YES;
				CLANG_WARN_INT_CONVERSION = YES;
				CLANG_WARN_OBJC_ROOT_CLASS = YES_ERROR;
				CLANG_WARN_UNREACHABLE_CODE = YES;
				CLANG_WARN__DUPLICATE_METHOD_MATCH = YES;
				"CODE_SIGN_IDENTITY[sdk=iphoneos*]" = "iPhone Developer: Atsuya Sato (L6GYLE3EWR)";
				COPY_PHASE_STRIP = NO;
				DEBUG_INFORMATION_FORMAT = "dwarf-with-dsym";
				ENABLE_STRICT_OBJC_MSGSEND = YES;
				ENABLE_TESTABILITY = YES;
				GCC_C_LANGUAGE_STANDARD = gnu99;
				GCC_DYNAMIC_NO_PIC = NO;
				GCC_NO_COMMON_BLOCKS = YES;
				GCC_OPTIMIZATION_LEVEL = 0;
				GCC_PREPROCESSOR_DEFINITIONS = (
					"DEBUG=1",
					"$(inherited)",
				);
				GCC_SYMBOLS_PRIVATE_EXTERN = NO;
				GCC_WARN_64_TO_32_BIT_CONVERSION = YES;
				GCC_WARN_ABOUT_RETURN_TYPE = YES_ERROR;
				GCC_WARN_UNDECLARED_SELECTOR = YES;
				GCC_WARN_UNINITIALIZED_AUTOS = YES_AGGRESSIVE;
				GCC_WARN_UNUSED_FUNCTION = YES;
				GCC_WARN_UNUSED_VARIABLE = YES;
				IPHONEOS_DEPLOYMENT_TARGET = 8.0;
				MTL_ENABLE_DEBUG_INFO = YES;
				ONLY_ACTIVE_ARCH = YES;
				PROVISIONING_PROFILE = "7f08a2c7-2336-4f23-a30d-59cdefebeb39";
				SDKROOT = iphoneos;
			};
			name = Debug;
		};
		F7E211B11B3E8E2F0035AF3A /* Release */ = {
			isa = XCBuildConfiguration;
			buildSettings = {
				ALWAYS_SEARCH_USER_PATHS = NO;
				CLANG_CXX_LANGUAGE_STANDARD = "gnu++0x";
				CLANG_CXX_LIBRARY = "libc++";
				CLANG_ENABLE_MODULES = YES;
				CLANG_ENABLE_OBJC_ARC = YES;
				CLANG_WARN_BOOL_CONVERSION = YES;
				CLANG_WARN_CONSTANT_CONVERSION = YES;
				CLANG_WARN_DIRECT_OBJC_ISA_USAGE = YES_ERROR;
				CLANG_WARN_EMPTY_BODY = YES;
				CLANG_WARN_ENUM_CONVERSION = YES;
				CLANG_WARN_INT_CONVERSION = YES;
				CLANG_WARN_OBJC_ROOT_CLASS = YES_ERROR;
				CLANG_WARN_UNREACHABLE_CODE = YES;
				CLANG_WARN__DUPLICATE_METHOD_MATCH = YES;
				"CODE_SIGN_IDENTITY[sdk=iphoneos*]" = "iPhone Distribution: Atsuya Sato (DEQGLB9PU4)";
				COPY_PHASE_STRIP = NO;
				DEBUG_INFORMATION_FORMAT = "dwarf-with-dsym";
				ENABLE_NS_ASSERTIONS = NO;
				ENABLE_STRICT_OBJC_MSGSEND = YES;
				GCC_C_LANGUAGE_STANDARD = gnu99;
				GCC_NO_COMMON_BLOCKS = YES;
				GCC_WARN_64_TO_32_BIT_CONVERSION = YES;
				GCC_WARN_ABOUT_RETURN_TYPE = YES_ERROR;
				GCC_WARN_UNDECLARED_SELECTOR = YES;
				GCC_WARN_UNINITIALIZED_AUTOS = YES_AGGRESSIVE;
				GCC_WARN_UNUSED_FUNCTION = YES;
				GCC_WARN_UNUSED_VARIABLE = YES;
				IPHONEOS_DEPLOYMENT_TARGET = 8.0;
				MTL_ENABLE_DEBUG_INFO = NO;
				PROVISIONING_PROFILE = "7f08a2c7-2336-4f23-a30d-59cdefebeb39";
				SDKROOT = iphoneos;
				VALIDATE_PRODUCT = YES;
			};
			name = Release;
		};
		F7E211B31B3E8E2F0035AF3A /* Debug */ = {
			isa = XCBuildConfiguration;
			buildSettings = {
				ASSETCATALOG_COMPILER_APPICON_NAME = AppIcon;
				CODE_SIGN_IDENTITY = "iPhone Developer: Atsuya Sato (L6GYLE3EWR)";
				"CODE_SIGN_IDENTITY[sdk=iphoneos*]" = "iPhone Developer";
				FRAMEWORK_SEARCH_PATHS = (
					"$(inherited)",
					"$(PROJECT_DIR)",
				);
				INFOPLIST_FILE = FunApp/Info.plist;
				LD_RUNPATH_SEARCH_PATHS = "$(inherited) @executable_path/Frameworks";
				PRODUCT_BUNDLE_IDENTIFIER = "io.github.natmark.$(PRODUCT_NAME:rfc1034identifier)";
				PRODUCT_NAME = "$(TARGET_NAME)";
				PROVISIONING_PROFILE = "7f08a2c7-2336-4f23-a30d-59cdefebeb39";
			};
			name = Debug;
		};
		F7E211B41B3E8E2F0035AF3A /* Release */ = {
			isa = XCBuildConfiguration;
			buildSettings = {
				ASSETCATALOG_COMPILER_APPICON_NAME = AppIcon;
				CODE_SIGN_IDENTITY = "iPhone Distribution: Atsuya Sato (DEQGLB9PU4)";
				"CODE_SIGN_IDENTITY[sdk=iphoneos*]" = "iPhone Distribution: Atsuya Sato (DEQGLB9PU4)";
				FRAMEWORK_SEARCH_PATHS = (
					"$(inherited)",
					"$(PROJECT_DIR)",
				);
				INFOPLIST_FILE = FunApp/Info.plist;
				LD_RUNPATH_SEARCH_PATHS = "$(inherited) @executable_path/Frameworks";
				PRODUCT_BUNDLE_IDENTIFIER = "io.github.natmark.$(PRODUCT_NAME:rfc1034identifier)";
				PRODUCT_NAME = "$(TARGET_NAME)";
				PROVISIONING_PROFILE = "7f08a2c7-2336-4f23-a30d-59cdefebeb39";
			};
			name = Release;
		};
		F7E211B61B3E8E2F0035AF3A /* Debug */ = {
			isa = XCBuildConfiguration;
			buildSettings = {
				BUNDLE_LOADER = "$(TEST_HOST)";
				CODE_SIGN_IDENTITY = "iPhone Developer";
				"CODE_SIGN_IDENTITY[sdk=iphoneos*]" = "iPhone Developer";
				FRAMEWORK_SEARCH_PATHS = (
					"$(SDKROOT)/Developer/Library/Frameworks",
					"$(inherited)",
				);
				GCC_PREPROCESSOR_DEFINITIONS = (
					"DEBUG=1",
					"$(inherited)",
				);
				INFOPLIST_FILE = FunAppTests/Info.plist;
				LD_RUNPATH_SEARCH_PATHS = "$(inherited) @executable_path/Frameworks @loader_path/Frameworks";
				PRODUCT_BUNDLE_IDENTIFIER = "io.github.natmark.$(PRODUCT_NAME:rfc1034identifier)";
				PRODUCT_NAME = "$(TARGET_NAME)";
				TEST_HOST = "$(BUILT_PRODUCTS_DIR)/FunApp.app/FunApp";
			};
			name = Debug;
		};
		F7E211B71B3E8E2F0035AF3A /* Release */ = {
			isa = XCBuildConfiguration;
			buildSettings = {
				BUNDLE_LOADER = "$(TEST_HOST)";
				CODE_SIGN_IDENTITY = "iPhone Developer";
				"CODE_SIGN_IDENTITY[sdk=iphoneos*]" = "iPhone Developer";
				FRAMEWORK_SEARCH_PATHS = (
					"$(SDKROOT)/Developer/Library/Frameworks",
					"$(inherited)",
				);
				INFOPLIST_FILE = FunAppTests/Info.plist;
				LD_RUNPATH_SEARCH_PATHS = "$(inherited) @executable_path/Frameworks @loader_path/Frameworks";
				PRODUCT_BUNDLE_IDENTIFIER = "io.github.natmark.$(PRODUCT_NAME:rfc1034identifier)";
				PRODUCT_NAME = "$(TARGET_NAME)";
				TEST_HOST = "$(BUILT_PRODUCTS_DIR)/FunApp.app/FunApp";
			};
			name = Release;
		};
		F7E211CC1B3E8FF90035AF3A /* Debug */ = {
			isa = XCBuildConfiguration;
			buildSettings = {
				CODE_SIGN_IDENTITY = "iPhone Developer: Atsuya Sato (L6GYLE3EWR)";
				"CODE_SIGN_IDENTITY[sdk=iphoneos*]" = "iPhone Developer";
				GCC_PREPROCESSOR_DEFINITIONS = (
					"DEBUG=1",
					"$(inherited)",
				);
				INFOPLIST_FILE = Widget/Info.plist;
				IPHONEOS_DEPLOYMENT_TARGET = 8.0;
				LD_RUNPATH_SEARCH_PATHS = "$(inherited) @executable_path/Frameworks @executable_path/../../Frameworks";
				PRODUCT_BUNDLE_IDENTIFIER = "io.github.natmark.FunApp.$(PRODUCT_NAME:rfc1034identifier)";
				PRODUCT_NAME = "$(TARGET_NAME)";
				PROVISIONING_PROFILE = "";
				SKIP_INSTALL = YES;
			};
			name = Debug;
		};
		F7E211CD1B3E8FF90035AF3A /* Release */ = {
			isa = XCBuildConfiguration;
			buildSettings = {
				CODE_SIGN_IDENTITY = "iPhone Distribution: Atsuya Sato (DEQGLB9PU4)";
				"CODE_SIGN_IDENTITY[sdk=iphoneos*]" = "iPhone Distribution: Atsuya Sato (DEQGLB9PU4)";
				INFOPLIST_FILE = Widget/Info.plist;
				IPHONEOS_DEPLOYMENT_TARGET = 8.0;
				LD_RUNPATH_SEARCH_PATHS = "$(inherited) @executable_path/Frameworks @executable_path/../../Frameworks";
				PRODUCT_BUNDLE_IDENTIFIER = "io.github.natmark.FunApp.$(PRODUCT_NAME:rfc1034identifier)";
				PRODUCT_NAME = "$(TARGET_NAME)";
				PROVISIONING_PROFILE = "";
				SKIP_INSTALL = YES;
			};
			name = Release;
		};
/* End XCBuildConfiguration section */

/* Begin XCConfigurationList section */
		F7E2118A1B3E8E2E0035AF3A /* Build configuration list for PBXProject "FunApp" */ = {
			isa = XCConfigurationList;
			buildConfigurations = (
				F7E211B01B3E8E2F0035AF3A /* Debug */,
				F7E211B11B3E8E2F0035AF3A /* Release */,
			);
			defaultConfigurationIsVisible = 0;
			defaultConfigurationName = Release;
		};
		F7E211B21B3E8E2F0035AF3A /* Build configuration list for PBXNativeTarget "FunApp" */ = {
			isa = XCConfigurationList;
			buildConfigurations = (
				F7E211B31B3E8E2F0035AF3A /* Debug */,
				F7E211B41B3E8E2F0035AF3A /* Release */,
			);
			defaultConfigurationIsVisible = 0;
			defaultConfigurationName = Release;
		};
		F7E211B51B3E8E2F0035AF3A /* Build configuration list for PBXNativeTarget "FunAppTests" */ = {
			isa = XCConfigurationList;
			buildConfigurations = (
				F7E211B61B3E8E2F0035AF3A /* Debug */,
				F7E211B71B3E8E2F0035AF3A /* Release */,
			);
			defaultConfigurationIsVisible = 0;
			defaultConfigurationName = Release;
		};
		F7E211CB1B3E8FF90035AF3A /* Build configuration list for PBXNativeTarget "Widget" */ = {
			isa = XCConfigurationList;
			buildConfigurations = (
				F7E211CC1B3E8FF90035AF3A /* Debug */,
				F7E211CD1B3E8FF90035AF3A /* Release */,
			);
			defaultConfigurationIsVisible = 0;
			defaultConfigurationName = Release;
		};
/* End XCConfigurationList section */
	};
	rootObject = F7E211871B3E8E2D0035AF3A /* Project object */;
}
